
Microsoft Visual Studio Solution File, Format Version 12.00
# Visual Studio Version 17
VisualStudioVersion = 17.8.34330.188
MinimumVisualStudioVersion = 10.0.40219.1
Project("{FAE04EC0-301F-11D3-BF4B-00C04F79EFBC}") = "PdfEmailSender", "PdfEmailSender.csproj", "{3DE1CD5E-5A0C-4AA6-9E19-7A23A7DDE2C9}"
EndProject
Global
	GlobalSection(SolutionConfigurationPlatforms) = preSolution
		Debug|Any CPU = Debug|Any CPU
		Release|Any CPU = Release|Any CPU
	EndGlobalSection
	GlobalSection(ProjectConfigurationPlatforms) = postSolution
		{3DE1CD5E-5A0C-4AA6-9E19-7A23A7DDE2C9}.Debug|Any CPU.ActiveCfg = Debug|Any CPU
		{3DE1CD5E-5A0C-4AA6-9E19-7A23A7DDE2C9}.Debug|Any CPU.Build.0 = Debug|Any CPU
		{3DE1CD5E-5A0C-4AA6-9E19-7A23A7DDE2C9}.Release|Any CPU.ActiveCfg = Release|Any CPU
		{3DE1CD5E-5A0C-4AA6-9E19-7A23A7DDE2C9}.Release|Any CPU.Build.0 = Release|Any CPU
	EndGlobalSection
	GlobalSection(SolutionProperties) = preSolution
		HideSolutionNode = FALSE
	EndGlobalSection
	GlobalSection(ExtensibilityGlobals) = postSolution
		SolutionGuid = {B5B3C18B-E47F-41E8-9A4D-4AB8B53724B3}
	EndGlobalSection
EndGlobal
